{
	"name": "@eslinkv/vue2",
	"version": "1.0.55",
	"lockfileVersion": 1,
	"requires": true,
	"dependencies": {
		"@babel/polyfill": {
			"version": "7.12.1",
			"resolved": "https://registry.npmjs.org/@babel/polyfill/-/polyfill-7.12.1.tgz",
			"integrity": "sha512-X0pi0V6gxLi6lFZpGmeNa4zxtwEmCs42isWLNjZZDE0Y8yVfgu0T2OAHlzBbdYlqbW/YXVvoBHpATEM+goCj8g==",
			"requires": {
				"core-js": "^2.6.5",
				"regenerator-runtime": "^0.13.4"
			},
			"dependencies": {
				"core-js": {
					"version": "2.6.12",
					"resolved": "https://registry.npmjs.org/core-js/-/core-js-2.6.12.tgz",
					"integrity": "sha512-Kb2wC0fvsWfQrgk8HU5lW6U/Lcs8+9aaYcy4ZFc6DDlo4nZ7n70dEgE5rtR0oG6ufKDUnrwfWL1mXR5ljDatrQ=="
				}
			}
		},
		"async-validator": {
			"version": "3.5.2",
			"resolved": "https://registry.npmjs.org/async-validator/-/async-validator-3.5.2.tgz",
			"integrity": "sha512-8eLCg00W9pIRZSB781UUX/H6Oskmm8xloZfr09lz5bikRpBVDlJ3hRVuxxP1SxcwsEYfJ4IU8Q19Y8/893r3rQ=="
		},
		"axios": {
			"version": "0.21.1",
			"resolved": "https://registry.npmjs.org/axios/-/axios-0.21.1.tgz",
			"integrity": "sha512-dKQiRHxGD9PPRIUNIWvZhPTPpl1rf/OxTYKsqKUDjBwYylTvV7SjSHJb9ratfyzM6wCdLCOYLzs73qpg5c4iGA==",
			"requires": {
				"follow-redirects": "^1.10.0"
			}
		},
		"base64-arraybuffer": {
			"version": "0.2.0",
			"resolved": "https://registry.npmjs.org/base64-arraybuffer/-/base64-arraybuffer-0.2.0.tgz",
			"integrity": "sha512-7emyCsu1/xiBXgQZrscw/8KPRT44I4Yq9Pe6EGs3aPRTsWuggML1/1DTuZUuIaJPIm1FTDUVXl4x/yW8s0kQDQ=="
		},
		"batch-processor": {
			"version": "1.0.0",
			"resolved": "https://registry.npmjs.org/batch-processor/-/batch-processor-1.0.0.tgz",
			"integrity": "sha1-dclcMrdI4IUNEMKxaPa9vpiRrOg="
		},
		"brace": {
			"version": "0.11.1",
			"resolved": "https://registry.npmjs.org/brace/-/brace-0.11.1.tgz",
			"integrity": "sha1-SJb8ydVE7vRfS7dmDbMg07N5/lg="
		},
		"call-bind": {
			"version": "1.0.2",
			"resolved": "https://registry.npmjs.org/call-bind/-/call-bind-1.0.2.tgz",
			"integrity": "sha512-7O+FbCihrB5WGbFYesctwmTKae6rOiIzmz1icreWJ+0aA7LJfuqhEso2T9ncpcFtzMQtzXf2QGGueWJGTYsqrA==",
			"requires": {
				"function-bind": "^1.1.1",
				"get-intrinsic": "^1.0.2"
			}
		},
		"clipboard": {
			"version": "2.0.8",
			"resolved": "https://registry.npmjs.org/clipboard/-/clipboard-2.0.8.tgz",
			"integrity": "sha512-Y6WO0unAIQp5bLmk1zdThRhgJt/x3ks6f30s3oE3H1mgIEU33XyQjEf8gsf6DxC7NPX8Y1SsNWjUjL/ywLnnbQ==",
			"requires": {
				"good-listener": "^1.2.2",
				"select": "^1.1.2",
				"tiny-emitter": "^2.0.0"
			}
		},
		"codemirror": {
			"version": "5.61.1",
			"resolved": "https://registry.npmjs.org/codemirror/-/codemirror-5.61.1.tgz",
			"integrity": "sha512-+D1NZjAucuzE93vJGbAaXzvoBHwp9nJZWWWF9utjv25+5AZUiah6CIlfb4ikG4MoDsFsCG8niiJH5++OO2LgIQ=="
		},
		"core-js": {
			"version": "3.14.0",
			"resolved": "https://registry.npmjs.org/core-js/-/core-js-3.14.0.tgz",
			"integrity": "sha512-3s+ed8er9ahK+zJpp9ZtuVcDoFzHNiZsPbNAAE4KXgrRHbjSqqNN6xGSXq6bq7TZIbKj4NLrLb6bJ5i+vSVjHA=="
		},
		"css-line-break": {
			"version": "1.1.1",
			"resolved": "https://registry.npmjs.org/css-line-break/-/css-line-break-1.1.1.tgz",
			"integrity": "sha512-1feNVaM4Fyzdj4mKPIQNL2n70MmuYzAXZ1aytlROFX1JsOo070OsugwGjj7nl6jnDJWHDM8zRZswkmeYVWZJQA==",
			"requires": {
				"base64-arraybuffer": "^0.2.0"
			}
		},
		"deepmerge": {
			"version": "2.2.1",
			"resolved": "https://registry.npmjs.org/deepmerge/-/deepmerge-2.2.1.tgz",
			"integrity": "sha512-R9hc1Xa/NOBi9WRVUWg19rl1UB7Tt4kuPd+thNJgFZoxXsTz7ncaPaeIm+40oSGuP33DfMb4sZt1QIGiJzC4EA=="
		},
		"delegate": {
			"version": "3.2.0",
			"resolved": "https://registry.npmjs.org/delegate/-/delegate-3.2.0.tgz",
			"integrity": "sha512-IofjkYBZaZivn0V8nnsMJGBr4jVLxHDheKSW88PyxS5QC4Vo9ZbZVvhzlSxY87fVq3STR6r+4cGepyHkcWOQSw=="
		},
		"element-resize-detector": {
			"version": "1.2.3",
			"resolved": "https://registry.npmjs.org/element-resize-detector/-/element-resize-detector-1.2.3.tgz",
			"integrity": "sha512-+dhNzUgLpq9ol5tyhoG7YLoXL3ssjfFW+0gpszXPwRU6NjGr1fVHMEAF8fVzIiRJq57Nre0RFeIjJwI8Nh2NmQ==",
			"requires": {
				"batch-processor": "1.0.0"
			}
		},
		"fast-copy": {
			"version": "2.1.1",
			"resolved": "https://registry.npmjs.org/fast-copy/-/fast-copy-2.1.1.tgz",
			"integrity": "sha512-Qod3DdRgFZ8GUIM6ygeoZYpQ0QLW9cf/FS9KhhjlYggcSZXWAemAw8BOCO5LuYCrR3Uj3qXDVTUzOUwG8C7beQ=="
		},
		"follow-redirects": {
			"version": "1.14.1",
			"resolved": "https://registry.npmjs.org/follow-redirects/-/follow-redirects-1.14.1.tgz",
			"integrity": "sha512-HWqDgT7ZEkqRzBvc2s64vSZ/hfOceEol3ac/7tKwzuvEyWx3/4UegXh5oBOIotkGsObyk3xznnSRVADBgWSQVg=="
		},
		"function-bind": {
			"version": "1.1.1",
			"resolved": "https://registry.npmjs.org/function-bind/-/function-bind-1.1.1.tgz",
			"integrity": "sha512-yIovAzMX49sF8Yl58fSCWJ5svSLuaibPxXQJFLmBObTuCr0Mf1KiPopGM9NiFjiYBCbfaa2Fh6breQ6ANVTI0A=="
		},
		"get-intrinsic": {
			"version": "1.1.1",
			"resolved": "https://registry.npmjs.org/get-intrinsic/-/get-intrinsic-1.1.1.tgz",
			"integrity": "sha512-kWZrnVM42QCiEA2Ig1bG8zjoIMOgxWwYCEeNdwY6Tv/cOSeGpcoX4pXHfKUxNKVoArnrEr2e9srnAxxGIraS9Q==",
			"requires": {
				"function-bind": "^1.1.1",
				"has": "^1.0.3",
				"has-symbols": "^1.0.1"
			}
		},
		"good-listener": {
			"version": "1.2.2",
			"resolved": "https://registry.npmjs.org/good-listener/-/good-listener-1.2.2.tgz",
			"integrity": "sha1-1TswzfkxPf+33JoNR3CWqm0UXFA=",
			"requires": {
				"delegate": "^3.1.2"
			}
		},
		"has": {
			"version": "1.0.3",
			"resolved": "https://registry.npmjs.org/has/-/has-1.0.3.tgz",
			"integrity": "sha512-f2dvO0VU6Oej7RkWJGrehjbzMAjFp5/VKPp5tTpWIV4JHHZK1/BxbFRtf/siA2SWTe09caDmVtYYzWEIbBS4zw==",
			"requires": {
				"function-bind": "^1.1.1"
			}
		},
		"has-symbols": {
			"version": "1.0.2",
			"resolved": "https://registry.npmjs.org/has-symbols/-/has-symbols-1.0.2.tgz",
			"integrity": "sha512-chXa79rL/UC2KlX17jo3vRGz0azaWEx5tGqZg5pO3NUyEJVB17dMruQlzCCOfUvElghKcm5194+BCRvi2Rv/Gw=="
		},
		"highlight.js": {
			"version": "10.7.3",
			"resolved": "https://registry.npmjs.org/highlight.js/-/highlight.js-10.7.3.tgz",
			"integrity": "sha512-tzcUFauisWKNHaRkN4Wjl/ZA07gENAjFl3J/c480dprkGTg5EQstgaNFqBfUqCq54kZRIEcreTsAgF/m2quD7A=="
		},
		"html2canvas": {
			"version": "1.0.0-rc.7",
			"resolved": "https://registry.npmjs.org/html2canvas/-/html2canvas-1.0.0-rc.7.tgz",
			"integrity": "sha512-yvPNZGejB2KOyKleZspjK/NruXVQuowu8NnV2HYG7gW7ytzl+umffbtUI62v2dCHQLDdsK6HIDtyJZ0W3neerA==",
			"requires": {
				"css-line-break": "1.1.1"
			}
		},
		"js-calendar": {
			"version": "1.2.3",
			"resolved": "https://registry.npmjs.org/js-calendar/-/js-calendar-1.2.3.tgz",
			"integrity": "sha512-dAA1/Zbp4+c5E+ARCVTIuKepXsNLzSYfzvOimiYD4S5eeP9QuplSHLcdhfqFSwyM1o1u6ku6RRRCyaZ0YAjiBw=="
		},
		"lodash.throttle": {
			"version": "4.1.1",
			"resolved": "https://registry.npmjs.org/lodash.throttle/-/lodash.throttle-4.1.1.tgz",
			"integrity": "sha1-wj6RtxAkKscMN/HhzaknTMOb8vQ="
		},
		"object-inspect": {
			"version": "1.10.3",
			"resolved": "https://registry.npmjs.org/object-inspect/-/object-inspect-1.10.3.tgz",
			"integrity": "sha512-e5mCJlSH7poANfC8z8S9s9S2IN5/4Zb3aZ33f5s8YqoazCFzNLloLU8r5VCG+G7WoqLvAAZoVMcy3tp/3X0Plw=="
		},
		"popper.js": {
			"version": "1.16.1",
			"resolved": "https://registry.npmjs.org/popper.js/-/popper.js-1.16.1.tgz",
			"integrity": "sha512-Wb4p1J4zyFTbM+u6WuO4XstYx4Ky9Cewe4DWrel7B0w6VVICvPwdOpotjzcf6eD8TsckVnIMNONQyPIUFOUbCQ=="
		},
		"qs": {
			"version": "6.10.1",
			"resolved": "https://registry.npmjs.org/qs/-/qs-6.10.1.tgz",
			"integrity": "sha512-M528Hph6wsSVOBiYUnGf+K/7w0hNshs/duGsNXPUCLH5XAqjEtiPGwNONLV0tBH8NoGb0mvD5JubnUTrujKDTg==",
			"requires": {
				"side-channel": "^1.0.4"
			}
		},
		"regenerator-runtime": {
			"version": "0.13.7",
			"resolved": "https://registry.npmjs.org/regenerator-runtime/-/regenerator-runtime-0.13.7.tgz",
			"integrity": "sha512-a54FxoJDIr27pgf7IgeQGxmqUNYrcV338lf/6gH456HZ/PhX+5BcwHXG9ajESmwe6WRO0tAzRUrRmNONWgkrew=="
		},
		"select": {
			"version": "1.1.2",
			"resolved": "https://registry.npmjs.org/select/-/select-1.1.2.tgz",
			"integrity": "sha1-DnNQrN7ICxEIUoeG7B1EGNEbOW0="
		},
		"side-channel": {
			"version": "1.0.4",
			"resolved": "https://registry.npmjs.org/side-channel/-/side-channel-1.0.4.tgz",
			"integrity": "sha512-q5XPytqFEIKHkGdiMIrY10mvLRvnQh42/+GoBlFW3b2LXLE2xxJpZFdm94we0BaoV3RwJyGqg5wS7epxTv0Zvw==",
			"requires": {
				"call-bind": "^1.0.0",
				"get-intrinsic": "^1.0.2",
				"object-inspect": "^1.9.0"
			}
		},
		"sortablejs": {
			"version": "1.10.2",
			"resolved": "https://registry.npmjs.org/sortablejs/-/sortablejs-1.10.2.tgz",
			"integrity": "sha512-YkPGufevysvfwn5rfdlGyrGjt7/CRHwvRPogD/lC+TnvcN29jDpCifKP+rBqf+LRldfXSTh+0CGLcSg0VIxq3A=="
		},
		"tiny-emitter": {
			"version": "2.1.0",
			"resolved": "https://registry.npmjs.org/tiny-emitter/-/tiny-emitter-2.1.0.tgz",
			"integrity": "sha512-NB6Dk1A9xgQPMoGqC5CVXn123gWyte215ONT5Pp5a0yt4nlEoO1ZWeCwpncaekPHXO60i47ihFnZPiRPjRMq4Q=="
		},
		"tinycolor2": {
			"version": "1.4.2",
			"resolved": "https://registry.npmjs.org/tinycolor2/-/tinycolor2-1.4.2.tgz",
			"integrity": "sha512-vJhccZPs965sV/L2sU4oRQVAos0pQXwsvTLkWYdqJ+a8Q5kPFzJTuOFwy7UniPli44NKQGAglksjvOcpo95aZA=="
		},
		"v-click-outside-x": {
			"version": "3.7.1",
			"resolved": "https://registry.npmjs.org/v-click-outside-x/-/v-click-outside-x-3.7.1.tgz",
			"integrity": "sha512-WmUgmcIXr9clVpm1AYS/FgHtcDicfnfoxgQCNg4O6vfk9GVnxA0vSqO321ogUo0b7czYTidj7fQENvWFMWOkUg=="
		},
		"view-design": {
			"version": "4.6.1",
			"resolved": "https://registry.npmjs.org/view-design/-/view-design-4.6.1.tgz",
			"integrity": "sha512-0pc9j8SEmmSWa/GGRM3H3T9WdEQ7IJHr2AMKJAIsW/1ft4glwhhuRN/lXDR11jHz/6g4nRZwzlneIbc0SpGFdQ==",
			"requires": {
				"async-validator": "^3.3.0",
				"deepmerge": "^2.2.1",
				"element-resize-detector": "^1.2.0",
				"js-calendar": "^1.2.3",
				"lodash.throttle": "^4.1.1",
				"popper.js": "^1.14.6",
				"tinycolor2": "^1.4.1",
				"v-click-outside-x": "^3.7.1"
			}
		},
		"vue": {
			"version": "2.6.14",
			"resolved": "https://registry.npmjs.org/vue/-/vue-2.6.14.tgz",
			"integrity": "sha512-x2284lgYvjOMj3Za7kqzRcUSxBboHqtgRE2zlos1qWaOye5yUmHn42LB1250NJBLRwEcdrB0JRwyPTEPhfQjiQ=="
		},
		"vue-class-component": {
			"version": "7.2.6",
			"resolved": "https://registry.npmjs.org/vue-class-component/-/vue-class-component-7.2.6.tgz",
			"integrity": "sha512-+eaQXVrAm/LldalI272PpDe3+i4mPis0ORiMYxF6Ae4hyuCh15W8Idet7wPUEs4N4YptgFHGys4UrgNQOMyO6w=="
		},
		"vue-click-outside": {
			"version": "1.1.0",
			"resolved": "https://registry.npmjs.org/vue-click-outside/-/vue-click-outside-1.1.0.tgz",
			"integrity": "sha512-pNyvAA9mRXJwPHlHJyjMb4IONSc7khS5lxGcMyE2EIKgNMAO279PWM9Hyq0d5J4FkiSRdmFLwnbjDd5UtPizHQ=="
		},
		"vue-property-decorator": {
			"version": "9.1.2",
			"resolved": "https://registry.npmjs.org/vue-property-decorator/-/vue-property-decorator-9.1.2.tgz",
			"integrity": "sha512-xYA8MkZynPBGd/w5QFJ2d/NM0z/YeegMqYTphy7NJQXbZcuU6FC6AOdUAcy4SXP+YnkerC6AfH+ldg7PDk9ESQ=="
		},
		"vue-router": {
			"version": "3.5.1",
			"resolved": "https://registry.npmjs.org/vue-router/-/vue-router-3.5.1.tgz",
			"integrity": "sha512-RRQNLT8Mzr8z7eL4p7BtKvRaTSGdCbTy2+Mm5HTJvLGYSSeG9gDzNasJPP/yOYKLy+/cLG/ftrqq5fvkFwBJEw=="
		},
		"vue2-ace-editor": {
			"version": "0.0.15",
			"resolved": "https://registry.npmjs.org/vue2-ace-editor/-/vue2-ace-editor-0.0.15.tgz",
			"integrity": "sha512-e3TR9OGXc71cGpvYcW068lNpRcFt3+OONCC81oxHL/0vwl/V3OgqnNMw2/RRolgQkO/CA5AjqVHWmANWKOtNnQ==",
			"requires": {
				"brace": "^0.11.0"
			}
		},
		"vuedraggable": {
			"version": "2.24.3",
			"resolved": "https://registry.npmjs.org/vuedraggable/-/vuedraggable-2.24.3.tgz",
			"integrity": "sha512-6/HDXi92GzB+Hcs9fC6PAAozK1RLt1ewPTLjK0anTYguXLAeySDmcnqE8IC0xa7shvSzRjQXq3/+dsZ7ETGF3g==",
			"requires": {
				"sortablejs": "1.10.2"
			}
		}
	}
}
