{
	"name": "@eslinkv/core",
	"version": "1.0.53",
	"lockfileVersion": 1,
	"requires": true,
	"dependencies": {
		"fast-copy": {
			"version": "2.1.1",
			"resolved": "https://registry.npmjs.org/fast-copy/-/fast-copy-2.1.1.tgz",
			"integrity": "sha512-Qod3DdRgFZ8GUIM6ygeoZYpQ0QLW9cf/FS9KhhjlYggcSZXWAemAw8BOCO5LuYCrR3Uj3qXDVTUzOUwG8C7beQ=="
		}
	}
}
